
Microsoft Visual Studio Solution File, Format Version 12.00
# Visual Studio Version 17
VisualStudioVersion = 17.8.34316.72
MinimumVisualStudioVersion = 10.0.40219.1
Project("{FAE04EC0-301F-11D3-BF4B-00C04F79EFBC}") = "qquest-backend", "qquest-backend.csproj", "{68884297-A022-4FA0-B1CA-4EACB68B3998}"
EndProject
Global
	GlobalSection(SolutionConfigurationPlatforms) = preSolution
		Debug|Any CPU = Debug|Any CPU
		Release|Any CPU = Release|Any CPU
	EndGlobalSection
	GlobalSection(ProjectConfigurationPlatforms) = postSolution
		{68884297-A022-4FA0-B1CA-4EACB68B3998}.Debug|Any CPU.ActiveCfg = Debug|Any CPU
		{68884297-A022-4FA0-B1CA-4EACB68B3998}.Debug|Any CPU.Build.0 = Debug|Any CPU
		{68884297-A022-4FA0-B1CA-4EACB68B3998}.Release|Any CPU.ActiveCfg = Release|Any CPU
		{68884297-A022-4FA0-B1CA-4EACB68B3998}.Release|Any CPU.Build.0 = Release|Any CPU
	EndGlobalSection
	GlobalSection(SolutionProperties) = preSolution
		HideSolutionNode = FALSE
	EndGlobalSection
	GlobalSection(ExtensibilityGlobals) = postSolution
		SolutionGuid = {26666BDC-ADAD-4E14-92D0-03AF0B21B3D1}
	EndGlobalSection
EndGlobal
